
Microsoft Visual Studio Solution File, Format Version 12.00
Project("{FAE04EC0-301F-11D3-BF4B-00C04F79EFBC}") = "Laboratorna_7_1", "Laboratorna_7_1\Laboratorna_7_1.csproj", "{46CA8E53-7FA5-4D76-9551-7D8499ACBE40}"
EndProject
Project("{FAE04EC0-301F-11D3-BF4B-00C04F79EFBC}") = "Laboratorna_7_1.Tests", "Laboratorna_7_1.Tests\Laboratorna_7_1.Tests.csproj", "{AFCF4C7A-EAD5-4A5D-8E1E-1DB34C2B9981}"
EndProject
Global
	GlobalSection(SolutionConfigurationPlatforms) = preSolution
		Debug|Any CPU = Debug|Any CPU
		Release|Any CPU = Release|Any CPU
	EndGlobalSection
	GlobalSection(ProjectConfigurationPlatforms) = postSolution
		{46CA8E53-7FA5-4D76-9551-7D8499ACBE40}.Debug|Any CPU.ActiveCfg = Debug|Any CPU
		{46CA8E53-7FA5-4D76-9551-7D8499ACBE40}.Debug|Any CPU.Build.0 = Debug|Any CPU
		{46CA8E53-7FA5-4D76-9551-7D8499ACBE40}.Release|Any CPU.ActiveCfg = Release|Any CPU
		{46CA8E53-7FA5-4D76-9551-7D8499ACBE40}.Release|Any CPU.Build.0 = Release|Any CPU
		{AFCF4C7A-EAD5-4A5D-8E1E-1DB34C2B9981}.Debug|Any CPU.ActiveCfg = Debug|Any CPU
		{AFCF4C7A-EAD5-4A5D-8E1E-1DB34C2B9981}.Debug|Any CPU.Build.0 = Debug|Any CPU
		{AFCF4C7A-EAD5-4A5D-8E1E-1DB34C2B9981}.Release|Any CPU.ActiveCfg = Release|Any CPU
		{AFCF4C7A-EAD5-4A5D-8E1E-1DB34C2B9981}.Release|Any CPU.Build.0 = Release|Any CPU
	EndGlobalSection
EndGlobal
